// !$*UTF8*$!
{
	archiveVersion = 1;
	classes = {
	};
	objectVersion = 55;
	objects = {

/* Begin PBXBuildFile section */
		B43FBB1E278470CD00FF20F2 /* RegisterView.swift in Sources */ = {isa = PBXBuildFile; fileRef = B43FBB1D278470CD00FF20F2 /* RegisterView.swift */; };
		B43FBB202784739300FF20F2 /* ProfileView.swift in Sources */ = {isa = PBXBuildFile; fileRef = B43FBB1F2784739300FF20F2 /* ProfileView.swift */; };
		B43FBB252784897B00FF20F2 /* OtherUserProfileView.swift in Sources */ = {isa = PBXBuildFile; fileRef = B43FBB242784897B00FF20F2 /* OtherUserProfileView.swift */; };
		B461FFE82749218700316D7E /* SwiftUILab3App.swift in Sources */ = {isa = PBXBuildFile; fileRef = B461FFE72749218700316D7E /* SwiftUILab3App.swift */; };
		B461FFEC2749218900316D7E /* Assets.xcassets in Resources */ = {isa = PBXBuildFile; fileRef = B461FFEB2749218900316D7E /* Assets.xcassets */; };
		B461FFEF2749218900316D7E /* Preview Assets.xcassets in Resources */ = {isa = PBXBuildFile; fileRef = B461FFEE2749218900316D7E /* Preview Assets.xcassets */; };
		B49CAD2D27832A19001543CE /* LoginView.swift in Sources */ = {isa = PBXBuildFile; fileRef = B49CAD2C27832A19001543CE /* LoginView.swift */; };
		B4B6C8D227821F25003D0C1D /* ContentView.swift in Sources */ = {isa = PBXBuildFile; fileRef = B4B6C8D127821F25003D0C1D /* ContentView.swift */; };
		B4B6C8D627821F70003D0C1D /* User.swift in Sources */ = {isa = PBXBuildFile; fileRef = B4B6C8D527821F70003D0C1D /* User.swift */; };
		B4BD59EE277CAF060038839A /* Alamofire in Frameworks */ = {isa = PBXBuildFile; productRef = B4BD59ED277CAF060038839A /* Alamofire */; };
/* End PBXBuildFile section */

/* Begin PBXFileReference section */
		B43FBB1D278470CD00FF20F2 /* RegisterView.swift */ = {isa = PBXFileReference; lastKnownFileType = sourcecode.swift; path = RegisterView.swift; sourceTree = "<group>"; };
		B43FBB1F2784739300FF20F2 /* ProfileView.swift */ = {isa = PBXFileReference; lastKnownFileType = sourcecode.swift; path = ProfileView.swift; sourceTree = "<group>"; };
		B43FBB2327847D7D00FF20F2 /* Info.plist */ = {isa = PBXFileReference; lastKnownFileType = text.plist; path = Info.plist; sourceTree = "<group>"; };
		B43FBB242784897B00FF20F2 /* OtherUserProfileView.swift */ = {isa = PBXFileReference; lastKnownFileType = sourcecode.swift; path = OtherUserProfileView.swift; sourceTree = "<group>"; };
		B461FFE42749218700316D7E /* SwiftUILab3.app */ = {isa = PBXFileReference; explicitFileType = wrapper.application; includeInIndex = 0; path = SwiftUILab3.app; sourceTree = BUILT_PRODUCTS_DIR; };
		B461FFE72749218700316D7E /* SwiftUILab3App.swift */ = {isa = PBXFileReference; lastKnownFileType = sourcecode.swift; path = SwiftUILab3App.swift; sourceTree = "<group>"; };
		B461FFEB2749218900316D7E /* Assets.xcassets */ = {isa = PBXFileReference; lastKnownFileType = folder.assetcatalog; path = Assets.xcassets; sourceTree = "<group>"; };
		B461FFEE2749218900316D7E /* Preview Assets.xcassets */ = {isa = PBXFileReference; lastKnownFileType = folder.assetcatalog; path = "Preview Assets.xcassets"; sourceTree = "<group>"; };
		B49CAD2C27832A19001543CE /* LoginView.swift */ = {isa = PBXFileReference; lastKnownFileType = sourcecode.swift; path = LoginView.swift; sourceTree = "<group>"; };
		B4B6C8D127821F25003D0C1D /* ContentView.swift */ = {isa = PBXFileReference; lastKnownFileType = sourcecode.swift; path = ContentView.swift; sourceTree = "<group>"; };
		B4B6C8D527821F70003D0C1D /* User.swift */ = {isa = PBXFileReference; lastKnownFileType = sourcecode.swift; path = User.swift; sourceTree = "<group>"; };
/* End PBXFileReference section */

/* Begin PBXFrameworksBuildPhase section */
		B461FFE12749218700316D7E /* Frameworks */ = {
			isa = PBXFrameworksBuildPhase;
			buildActionMask = 2147483647;
			files = (
				B4BD59EE277CAF060038839A /* Alamofire in Frameworks */,
			);
			runOnlyForDeploymentPostprocessing = 0;
		};
/* End PBXFrameworksBuildPhase section */

/* Begin PBXGroup section */
		B461FFDB2749218700316D7E = {
			isa = PBXGroup;
			children = (
				B461FFE62749218700316D7E /* SwiftUILab3 */,
				B461FFE52749218700316D7E /* Products */,
			);
			sourceTree = "<group>";
		};
		B461FFE52749218700316D7E /* Products */ = {
			isa = PBXGroup;
			children = (
				B461FFE42749218700316D7E /* SwiftUILab3.app */,
			);
			name = Products;
			sourceTree = "<group>";
		};
		B461FFE62749218700316D7E /* SwiftUILab3 */ = {
			isa = PBXGroup;
			children = (
				B43FBB2327847D7D00FF20F2 /* Info.plist */,
				B4B6C8D427821F4B003D0C1D /* Model */,
				B4B6C8D027821F16003D0C1D /* View */,
				B461FFE72749218700316D7E /* SwiftUILab3App.swift */,
				B461FFEB2749218900316D7E /* Assets.xcassets */,
				B461FFED2749218900316D7E /* Preview Content */,
			);
			path = SwiftUILab3;
			sourceTree = "<group>";
		};
		B461FFED2749218900316D7E /* Preview Content */ = {
			isa = PBXGroup;
			children = (
				B461FFEE2749218900316D7E /* Preview Assets.xcassets */,
			);
			path = "Preview Content";
			sourceTree = "<group>";
		};
		B4B6C8D027821F16003D0C1D /* View */ = {
			isa = PBXGroup;
			children = (
				B4B6C8D127821F25003D0C1D /* ContentView.swift */,
				B49CAD2C27832A19001543CE /* LoginView.swift */,
				B43FBB1D278470CD00FF20F2 /* RegisterView.swift */,
				B43FBB1F2784739300FF20F2 /* ProfileView.swift */,
				B43FBB242784897B00FF20F2 /* OtherUserProfileView.swift */,
			);
			path = View;
			sourceTree = "<group>";
		};
		B4B6C8D427821F4B003D0C1D /* Model */ = {
			isa = PBXGroup;
			children = (
				B4B6C8D527821F70003D0C1D /* User.swift */,
			);
			path = Model;
			sourceTree = "<group>";
		};
/* End PBXGroup section */

/* Begin PBXNativeTarget section */
		B461FFE32749218700316D7E /* SwiftUILab3 */ = {
			isa = PBXNativeTarget;
			buildConfigurationList = B461FFF22749218900316D7E /* Build configuration list for PBXNativeTarget "SwiftUILab3" */;
			buildPhases = (
				B461FFE02749218700316D7E /* Sources */,
				B461FFE12749218700316D7E /* Frameworks */,
				B461FFE22749218700316D7E /* Resources */,
			);
			buildRules = (
			);
			dependencies = (
			);
			name = SwiftUILab3;
			packageProductDependencies = (
				B4BD59ED277CAF060038839A /* Alamofire */,
			);
			productName = SwiftUILab3;
			productReference = B461FFE42749218700316D7E /* SwiftUILab3.app */;
			productType = "com.apple.product-type.application";
		};
/* End PBXNativeTarget section */

/* Begin PBXProject section */
		B461FFDC2749218700316D7E /* Project object */ = {
			isa = PBXProject;
			attributes = {
				BuildIndependentTargetsInParallel = 1;
				LastSwiftUpdateCheck = 1310;
				LastUpgradeCheck = 1310;
				TargetAttributes = {
					B461FFE32749218700316D7E = {
						CreatedOnToolsVersion = 13.1;
					};
				};
			};
			buildConfigurationList = B461FFDF2749218700316D7E /* Build configuration list for PBXProject "SwiftUILab3" */;
			compatibilityVersion = "Xcode 13.0";
			developmentRegion = en;
			hasScannedForEncodings = 0;
			knownRegions = (
				en,
				Base,
			);
			mainGroup = B461FFDB2749218700316D7E;
			packageReferences = (
				B4BD59EC277CAF060038839A /* XCRemoteSwiftPackageReference "Alamofire" */,
			);
			productRefGroup = B461FFE52749218700316D7E /* Products */;
			projectDirPath = "";
			projectRoot = "";
			targets = (
				B461FFE32749218700316D7E /* SwiftUILab3 */,
			);
		};
/* End PBXProject section */

/* Begin PBXResourcesBuildPhase section */
		B461FFE22749218700316D7E /* Resources */ = {
			isa = PBXResourcesBuildPhase;
			buildActionMask = 2147483647;
			files = (
				B461FFEF2749218900316D7E /* Preview Assets.xcassets in Resources */,
				B461FFEC2749218900316D7E /* Assets.xcassets in Resources */,
			);
			runOnlyForDeploymentPostprocessing = 0;
		};
/* End PBXResourcesBuildPhase section */

/* Begin PBXSourcesBuildPhase section */
		B461FFE02749218700316D7E /* Sources */ = {
			isa = PBXSourcesBuildPhase;
			buildActionMask = 2147483647;
			files = (
				B43FBB252784897B00FF20F2 /* OtherUserProfileView.swift in Sources */,
				B461FFE82749218700316D7E /* SwiftUILab3App.swift in Sources */,
				B43FBB1E278470CD00FF20F2 /* RegisterView.swift in Sources */,
				B4B6C8D227821F25003D0C1D /* ContentView.swift in Sources */,
				B49CAD2D27832A19001543CE /* LoginView.swift in Sources */,
				B43FBB202784739300FF20F2 /* ProfileView.swift in Sources */,
				B4B6C8D627821F70003D0C1D /* User.swift in Sources */,
			);
			runOnlyForDeploymentPostprocessing = 0;
		};
/* End PBXSourcesBuildPhase section */

/* Begin XCBuildConfiguration section */
		B461FFF02749218900316D7E /* Debug */ = {
			isa = XCBuildConfiguration;
			buildSettings = {
				ALWAYS_SEARCH_USER_PATHS = NO;
				CLANG_ANALYZER_NONNULL = YES;
				CLANG_ANALYZER_NUMBER_OBJECT_CONVERSION = YES_AGGRESSIVE;
				CLANG_CXX_LANGUAGE_STANDARD = "gnu++17";
				CLANG_CXX_LIBRARY = "libc++";
				CLANG_ENABLE_MODULES = YES;
				CLANG_ENABLE_OBJC_ARC = YES;
				CLANG_ENABLE_OBJC_WEAK = YES;
				CLANG_WARN_BLOCK_CAPTURE_AUTORELEASING = YES;
				CLANG_WARN_BOOL_CONVERSION = YES;
				CLANG_WARN_COMMA = YES;
				CLANG_WARN_CONSTANT_CONVERSION = YES;
				CLANG_WARN_DEPRECATED_OBJC_IMPLEMENTATIONS = YES;
				CLANG_WARN_DIRECT_OBJC_ISA_USAGE = YES_ERROR;
				CLANG_WARN_DOCUMENTATION_COMMENTS = YES;
				CLANG_WARN_EMPTY_BODY = YES;
				CLANG_WARN_ENUM_CONVERSION = YES;
				CLANG_WARN_INFINITE_RECURSION = YES;
				CLANG_WARN_INT_CONVERSION = YES;
				CLANG_WARN_NON_LITERAL_NULL_CONVERSION = YES;
				CLANG_WARN_OBJC_IMPLICIT_RETAIN_SELF = YES;
				CLANG_WARN_OBJC_LITERAL_CONVERSION = YES;
				CLANG_WARN_OBJC_ROOT_CLASS = YES_ERROR;
				CLANG_WARN_QUOTED_INCLUDE_IN_FRAMEWORK_HEADER = YES;
				CLANG_WARN_RANGE_LOOP_ANALYSIS = YES;
				CLANG_WARN_STRICT_PROTOTYPES = YES;
				CLANG_WARN_SUSPICIOUS_MOVE = YES;
				CLANG_WARN_UNGUARDED_AVAILABILITY = YES_AGGRESSIVE;
				CLANG_WARN_UNREACHABLE_CODE = YES;
				CLANG_WARN__DUPLICATE_METHOD_MATCH = YES;
				COPY_PHASE_STRIP = NO;
				DEBUG_INFORMATION_FORMAT = dwarf;
				ENABLE_STRICT_OBJC_MSGSEND = YES;
				ENABLE_TESTABILITY = YES;
				GCC_C_LANGUAGE_STANDARD = gnu11;
				GCC_DYNAMIC_NO_PIC = NO;
				GCC_NO_COMMON_BLOCKS = YES;
				GCC_OPTIMIZATION_LEVEL = 0;
				GCC_PREPROCESSOR_DEFINITIONS = (
					"DEBUG=1",
					"$(inherited)",
				);
				GCC_WARN_64_TO_32_BIT_CONVERSION = YES;
				GCC_WARN_ABOUT_RETURN_TYPE = YES_ERROR;
				GCC_WARN_UNDECLARED_SELECTOR = YES;
				GCC_WARN_UNINITIALIZED_AUTOS = YES_AGGRESSIVE;
				GCC_WARN_UNUSED_FUNCTION = YES;
				GCC_WARN_UNUSED_VARIABLE = YES;
				IPHONEOS_DEPLOYMENT_TARGET = 15.0;
				MTL_ENABLE_DEBUG_INFO = INCLUDE_SOURCE;
				MTL_FAST_MATH = YES;
				ONLY_ACTIVE_ARCH = YES;
				SDKROOT = iphoneos;
				SWIFT_ACTIVE_COMPILATION_CONDITIONS = DEBUG;
				SWIFT_OPTIMIZATION_LEVEL = "-Onone";
			};
			name = Debug;
		};
		B461FFF12749218900316D7E /* Release */ = {
			isa = XCBuildConfiguration;
			buildSettings = {
				ALWAYS_SEARCH_USER_PATHS = NO;
				CLANG_ANALYZER_NONNULL = YES;
				CLANG_ANALYZER_NUMBER_OBJECT_CONVERSION = YES_AGGRESSIVE;
				CLANG_CXX_LANGUAGE_STANDARD = "gnu++17";
				CLANG_CXX_LIBRARY = "libc++";
				CLANG_ENABLE_MODULES = YES;
				CLANG_ENABLE_OBJC_ARC = YES;
				CLANG_ENABLE_OBJC_WEAK = YES;
				CLANG_WARN_BLOCK_CAPTURE_AUTORELEASING = YES;
				CLANG_WARN_BOOL_CONVERSION = YES;
				CLANG_WARN_COMMA = YES;
				CLANG_WARN_CONSTANT_CONVERSION = YES;
				CLANG_WARN_DEPRECATED_OBJC_IMPLEMENTATIONS = YES;
				CLANG_WARN_DIRECT_OBJC_ISA_USAGE = YES_ERROR;
				CLANG_WARN_DOCUMENTATION_COMMENTS = YES;
				CLANG_WARN_EMPTY_BODY = YES;
				CLANG_WARN_ENUM_CONVERSION = YES;
				CLANG_WARN_INFINITE_RECURSION = YES;
				CLANG_WARN_INT_CONVERSION = YES;
				CLANG_WARN_NON_LITERAL_NULL_CONVERSION = YES;
				CLANG_WARN_OBJC_IMPLICIT_RETAIN_SELF = YES;
				CLANG_WARN_OBJC_LITERAL_CONVERSION = YES;
				CLANG_WARN_OBJC_ROOT_CLASS = YES_ERROR;
				CLANG_WARN_QUOTED_INCLUDE_IN_FRAMEWORK_HEADER = YES;
				CLANG_WARN_RANGE_LOOP_ANALYSIS = YES;
				CLANG_WARN_STRICT_PROTOTYPES = YES;
				CLANG_WARN_SUSPICIOUS_MOVE = YES;
				CLANG_WARN_UNGUARDED_AVAILABILITY = YES_AGGRESSIVE;
				CLANG_WARN_UNREACHABLE_CODE = YES;
				CLANG_WARN__DUPLICATE_METHOD_MATCH = YES;
				COPY_PHASE_STRIP = NO;
				DEBUG_INFORMATION_FORMAT = "dwarf-with-dsym";
				ENABLE_NS_ASSERTIONS = NO;
				ENABLE_STRICT_OBJC_MSGSEND = YES;
				GCC_C_LANGUAGE_STANDARD = gnu11;
				GCC_NO_COMMON_BLOCKS = YES;
				GCC_WARN_64_TO_32_BIT_CONVERSION = YES;
				GCC_WARN_ABOUT_RETURN_TYPE = YES_ERROR;
				GCC_WARN_UNDECLARED_SELECTOR = YES;
				GCC_WARN_UNINITIALIZED_AUTOS = YES_AGGRESSIVE;
				GCC_WARN_UNUSED_FUNCTION = YES;
				GCC_WARN_UNUSED_VARIABLE = YES;
				IPHONEOS_DEPLOYMENT_TARGET = 15.0;
				MTL_ENABLE_DEBUG_INFO = NO;
				MTL_FAST_MATH = YES;
				SDKROOT = iphoneos;
				SWIFT_COMPILATION_MODE = wholemodule;
				SWIFT_OPTIMIZATION_LEVEL = "-O";
				VALIDATE_PRODUCT = YES;
			};
			name = Release;
		};
		B461FFF32749218900316D7E /* Debug */ = {
			isa = XCBuildConfiguration;
			buildSettings = {
				ASSETCATALOG_COMPILER_APPICON_NAME = AppIcon;
				ASSETCATALOG_COMPILER_GLOBAL_ACCENT_COLOR_NAME = AccentColor;
				CODE_SIGN_STYLE = Automatic;
				CURRENT_PROJECT_VERSION = 1;
				DEVELOPMENT_ASSET_PATHS = "\"SwiftUILab3/Preview Content\"";
				DEVELOPMENT_TEAM = 8BMNZ3PCHN;
				ENABLE_PREVIEWS = YES;
				GENERATE_INFOPLIST_FILE = YES;
				INFOPLIST_FILE = SwiftUILab3/Info.plist;
				INFOPLIST_KEY_UIApplicationSceneManifest_Generation = YES;
				INFOPLIST_KEY_UIApplicationSupportsIndirectInputEvents = YES;
				INFOPLIST_KEY_UILaunchScreen_Generation = YES;
				INFOPLIST_KEY_UISupportedInterfaceOrientations_iPad = "UIInterfaceOrientationPortrait UIInterfaceOrientationPortraitUpsideDown UIInterfaceOrientationLandscapeLeft UIInterfaceOrientationLandscapeRight";
				INFOPLIST_KEY_UISupportedInterfaceOrientations_iPhone = "UIInterfaceOrientationPortrait UIInterfaceOrientationLandscapeLeft UIInterfaceOrientationLandscapeRight";
				IPHONEOS_DEPLOYMENT_TARGET = 15.0;
				LD_RUNPATH_SEARCH_PATHS = (
					"$(inherited)",
					"@executable_path/Frameworks",
				);
				MARKETING_VERSION = 1.0;
				PRODUCT_BUNDLE_IDENTIFIER = com.devhaute.SwiftUILab3;
				PRODUCT_NAME = "$(TARGET_NAME)";
				SWIFT_EMIT_LOC_STRINGS = YES;
				SWIFT_VERSION = 5.0;
				TARGETED_DEVICE_FAMILY = "1,2";
			};
			name = Debug;
		};
		B461FFF42749218900316D7E /* Release */ = {
			isa = XCBuildConfiguration;
			buildSettings = {
				ASSETCATALOG_COMPILER_APPICON_NAME = AppIcon;
				ASSETCATALOG_COMPILER_GLOBAL_ACCENT_COLOR_NAME = AccentColor;
				CODE_SIGN_STYLE = Automatic;
				CURRENT_PROJECT_VERSION = 1;
				DEVELOPMENT_ASSET_PATHS = "\"SwiftUILab3/Preview Content\"";
				DEVELOPMENT_TEAM = 8BMNZ3PCHN;
				ENABLE_PREVIEWS = YES;
				GENERATE_INFOPLIST_FILE = YES;
				INFOPLIST_FILE = SwiftUILab3/Info.plist;
				INFOPLIST_KEY_UIApplicationSceneManifest_Generation = YES;
				INFOPLIST_KEY_UIApplicationSupportsIndirectInputEvents = YES;
				INFOPLIST_KEY_UILaunchScreen_Generation = YES;
				INFOPLIST_KEY_UISupportedInterfaceOrientations_iPad = "UIInterfaceOrientationPortrait UIInterfaceOrientationPortraitUpsideDown UIInterfaceOrientationLandscapeLeft UIInterfaceOrientationLandscapeRight";
				INFOPLIST_KEY_UISupportedInterfaceOrientations_iPhone = "UIInterfaceOrientationPortrait UIInterfaceOrientationLandscapeLeft UIInterfaceOrientationLandscapeRight";
				IPHONEOS_DEPLOYMENT_TARGET = 15.0;
				LD_RUNPATH_SEARCH_PATHS = (
					"$(inherited)",
					"@executable_path/Frameworks",
				);
				MARKETING_VERSION = 1.0;
				PRODUCT_BUNDLE_IDENTIFIER = com.devhaute.SwiftUILab3;
				PRODUCT_NAME = "$(TARGET_NAME)";
				SWIFT_EMIT_LOC_STRINGS = YES;
				SWIFT_VERSION = 5.0;
				TARGETED_DEVICE_FAMILY = "1,2";
			};
			name = Release;
		};
/* End XCBuildConfiguration section */

/* Begin XCConfigurationList section */
		B461FFDF2749218700316D7E /* Build configuration list for PBXProject "SwiftUILab3" */ = {
			isa = XCConfigurationList;
			buildConfigurations = (
				B461FFF02749218900316D7E /* Debug */,
				B461FFF12749218900316D7E /* Release */,
			);
			defaultConfigurationIsVisible = 0;
			defaultConfigurationName = Release;
		};
		B461FFF22749218900316D7E /* Build configuration list for PBXNativeTarget "SwiftUILab3" */ = {
			isa = XCConfigurationList;
			buildConfigurations = (
				B461FFF32749218900316D7E /* Debug */,
				B461FFF42749218900316D7E /* Release */,
			);
			defaultConfigurationIsVisible = 0;
			defaultConfigurationName = Release;
		};
/* End XCConfigurationList section */

/* Begin XCRemoteSwiftPackageReference section */
		B4BD59EC277CAF060038839A /* XCRemoteSwiftPackageReference "Alamofire" */ = {
			isa = XCRemoteSwiftPackageReference;
			repositoryURL = "https://github.com/Alamofire/Alamofire";
			requirement = {
				kind = upToNextMajorVersion;
				minimumVersion = 5.0.0;
			};
		};
/* End XCRemoteSwiftPackageReference section */

/* Begin XCSwiftPackageProductDependency section */
		B4BD59ED277CAF060038839A /* Alamofire */ = {
			isa = XCSwiftPackageProductDependency;
			package = B4BD59EC277CAF060038839A /* XCRemoteSwiftPackageReference "Alamofire" */;
			productName = Alamofire;
		};
/* End XCSwiftPackageProductDependency section */
	};
	rootObject = B461FFDC2749218700316D7E /* Project object */;
}
